
Microsoft Visual Studio Solution File, Format Version 12.00
# Visual Studio Version 17
VisualStudioVersion = 17.3.32819.101
MinimumVisualStudioVersion = 10.0.40219.1
Project("{8BC9CEB8-8B4A-11D0-8D11-00A0C91BC942}") = "PersonalInfo", "PersonalInfo\PersonalInfo.vcxproj", "{C50F2CD6-073D-4434-A591-63FD433F1B79}"
EndProject
Global
	GlobalSection(SolutionConfigurationPlatforms) = preSolution
		Debug|x64 = Debug|x64
		Debug|x86 = Debug|x86
		Release|x64 = Release|x64
		Release|x86 = Release|x86
	EndGlobalSection
	GlobalSection(ProjectConfigurationPlatforms) = postSolution
		{C50F2CD6-073D-4434-A591-63FD433F1B79}.Debug|x64.ActiveCfg = Debug|x64
		{C50F2CD6-073D-4434-A591-63FD433F1B79}.Debug|x64.Build.0 = Debug|x64
		{C50F2CD6-073D-4434-A591-63FD433F1B79}.Debug|x86.ActiveCfg = Debug|Win32
		{C50F2CD6-073D-4434-A591-63FD433F1B79}.Debug|x86.Build.0 = Debug|Win32
		{C50F2CD6-073D-4434-A591-63FD433F1B79}.Release|x64.ActiveCfg = Release|x64
		{C50F2CD6-073D-4434-A591-63FD433F1B79}.Release|x64.Build.0 = Release|x64
		{C50F2CD6-073D-4434-A591-63FD433F1B79}.Release|x86.ActiveCfg = Release|Win32
		{C50F2CD6-073D-4434-A591-63FD433F1B79}.Release|x86.Build.0 = Release|Win32
	EndGlobalSection
	GlobalSection(SolutionProperties) = preSolution
		HideSolutionNode = FALSE
	EndGlobalSection
	GlobalSection(ExtensibilityGlobals) = postSolution
		SolutionGuid = {B2BFAE04-6935-4122-A06A-B03670818EF8}
	EndGlobalSection
EndGlobal
